
Microsoft Visual Studio Solution File, Format Version 12.00
# Visual Studio 15
VisualStudioVersion = 15.0.33026.149
MinimumVisualStudioVersion = 10.0.40219.1
Project("{FAE04EC0-301F-11D3-BF4B-00C04F79EFBC}") = "eTickets", "eTickets\eTickets.csproj", "{C373301C-1E68-4433-80ED-9585D83D5A5E}"
EndProject
Global
	GlobalSection(SolutionConfigurationPlatforms) = preSolution
		Debug|Any CPU = Debug|Any CPU
		Release|Any CPU = Release|Any CPU
	EndGlobalSection
	GlobalSection(ProjectConfigurationPlatforms) = postSolution
		{C373301C-1E68-4433-80ED-9585D83D5A5E}.Debug|Any CPU.ActiveCfg = Debug|Any CPU
		{C373301C-1E68-4433-80ED-9585D83D5A5E}.Debug|Any CPU.Build.0 = Debug|Any CPU
		{C373301C-1E68-4433-80ED-9585D83D5A5E}.Release|Any CPU.ActiveCfg = Release|Any CPU
		{C373301C-1E68-4433-80ED-9585D83D5A5E}.Release|Any CPU.Build.0 = Release|Any CPU
	EndGlobalSection
	GlobalSection(SolutionProperties) = preSolution
		HideSolutionNode = FALSE
	EndGlobalSection
	GlobalSection(ExtensibilityGlobals) = postSolution
		SolutionGuid = {A960B062-D957-4F0E-9313-92AC3B64332E}
	EndGlobalSection
EndGlobal
